
Microsoft Visual Studio Solution File, Format Version 12.00
# Visual Studio Version 16
VisualStudioVersion = 16.0.30611.23
MinimumVisualStudioVersion = 10.0.40219.1
Project("{FAE04EC0-301F-11D3-BF4B-00C04F79EFBC}") = "L10_ClassWork_1", "L10_ClassWork_1\L10_ClassWork_1.csproj", "{347FC957-FC64-46DF-BF6F-EA4AC5EC2F60}"
EndProject
Global
	GlobalSection(SolutionConfigurationPlatforms) = preSolution
		Debug|Any CPU = Debug|Any CPU
		Release|Any CPU = Release|Any CPU
	EndGlobalSection
	GlobalSection(ProjectConfigurationPlatforms) = postSolution
		{347FC957-FC64-46DF-BF6F-EA4AC5EC2F60}.Debug|Any CPU.ActiveCfg = Debug|Any CPU
		{347FC957-FC64-46DF-BF6F-EA4AC5EC2F60}.Debug|Any CPU.Build.0 = Debug|Any CPU
		{347FC957-FC64-46DF-BF6F-EA4AC5EC2F60}.Release|Any CPU.ActiveCfg = Release|Any CPU
		{347FC957-FC64-46DF-BF6F-EA4AC5EC2F60}.Release|Any CPU.Build.0 = Release|Any CPU
	EndGlobalSection
	GlobalSection(SolutionProperties) = preSolution
		HideSolutionNode = FALSE
	EndGlobalSection
	GlobalSection(ExtensibilityGlobals) = postSolution
		SolutionGuid = {88C4F515-9661-46D1-AC7D-8B156DE8D048}
	EndGlobalSection
EndGlobal
