
Microsoft Visual Studio Solution File, Format Version 12.00
# Visual Studio Version 16
VisualStudioVersion = 16.0.30611.23
MinimumVisualStudioVersion = 10.0.40219.1
Project("{FAE04EC0-301F-11D3-BF4B-00C04F79EFBC}") = "L08_HomeWork_1", "L08_HomeWork_1\L08_HomeWork_1.csproj", "{BFEEE9BB-03AA-4E76-9E72-E547E3CFCCCC}"
EndProject
Global
	GlobalSection(SolutionConfigurationPlatforms) = preSolution
		Debug|Any CPU = Debug|Any CPU
		Release|Any CPU = Release|Any CPU
	EndGlobalSection
	GlobalSection(ProjectConfigurationPlatforms) = postSolution
		{BFEEE9BB-03AA-4E76-9E72-E547E3CFCCCC}.Debug|Any CPU.ActiveCfg = Debug|Any CPU
		{BFEEE9BB-03AA-4E76-9E72-E547E3CFCCCC}.Debug|Any CPU.Build.0 = Debug|Any CPU
		{BFEEE9BB-03AA-4E76-9E72-E547E3CFCCCC}.Release|Any CPU.ActiveCfg = Release|Any CPU
		{BFEEE9BB-03AA-4E76-9E72-E547E3CFCCCC}.Release|Any CPU.Build.0 = Release|Any CPU
	EndGlobalSection
	GlobalSection(SolutionProperties) = preSolution
		HideSolutionNode = FALSE
	EndGlobalSection
	GlobalSection(ExtensibilityGlobals) = postSolution
		SolutionGuid = {97648621-ABE5-4697-B002-1D4123F651C9}
	EndGlobalSection
EndGlobal
