
Microsoft Visual Studio Solution File, Format Version 12.00
# Visual Studio Version 16
VisualStudioVersion = 16.0.30611.23
MinimumVisualStudioVersion = 10.0.40219.1
Project("{FAE04EC0-301F-11D3-BF4B-00C04F79EFBC}") = "L08_ClassWork_Stack", "L08_ClassWork_Stack\L08_ClassWork_Stack.csproj", "{7343BEC0-CD38-4973-917A-818A69A1250C}"
EndProject
Global
	GlobalSection(SolutionConfigurationPlatforms) = preSolution
		Debug|Any CPU = Debug|Any CPU
		Release|Any CPU = Release|Any CPU
	EndGlobalSection
	GlobalSection(ProjectConfigurationPlatforms) = postSolution
		{7343BEC0-CD38-4973-917A-818A69A1250C}.Debug|Any CPU.ActiveCfg = Debug|Any CPU
		{7343BEC0-CD38-4973-917A-818A69A1250C}.Debug|Any CPU.Build.0 = Debug|Any CPU
		{7343BEC0-CD38-4973-917A-818A69A1250C}.Release|Any CPU.ActiveCfg = Release|Any CPU
		{7343BEC0-CD38-4973-917A-818A69A1250C}.Release|Any CPU.Build.0 = Release|Any CPU
	EndGlobalSection
	GlobalSection(SolutionProperties) = preSolution
		HideSolutionNode = FALSE
	EndGlobalSection
	GlobalSection(ExtensibilityGlobals) = postSolution
		SolutionGuid = {26DB6A07-5F41-4A59-9C25-FA8F3986E7EB}
	EndGlobalSection
EndGlobal
