
Microsoft Visual Studio Solution File, Format Version 12.00
# Visual Studio Version 16
VisualStudioVersion = 16.0.30523.141
MinimumVisualStudioVersion = 10.0.40219.1
Project("{FAE04EC0-301F-11D3-BF4B-00C04F79EFBC}") = "ClassWork02", "ClassWork02\ClassWork02.csproj", "{32D6E52E-234B-498F-9C99-768BCBB77E61}"
EndProject
Global
	GlobalSection(SolutionConfigurationPlatforms) = preSolution
		Debug|Any CPU = Debug|Any CPU
		Release|Any CPU = Release|Any CPU
	EndGlobalSection
	GlobalSection(ProjectConfigurationPlatforms) = postSolution
		{32D6E52E-234B-498F-9C99-768BCBB77E61}.Debug|Any CPU.ActiveCfg = Debug|Any CPU
		{32D6E52E-234B-498F-9C99-768BCBB77E61}.Debug|Any CPU.Build.0 = Debug|Any CPU
		{32D6E52E-234B-498F-9C99-768BCBB77E61}.Release|Any CPU.ActiveCfg = Release|Any CPU
		{32D6E52E-234B-498F-9C99-768BCBB77E61}.Release|Any CPU.Build.0 = Release|Any CPU
	EndGlobalSection
	GlobalSection(SolutionProperties) = preSolution
		HideSolutionNode = FALSE
	EndGlobalSection
	GlobalSection(ExtensibilityGlobals) = postSolution
		SolutionGuid = {62C7C661-ED51-4946-96EB-493002A2445C}
	EndGlobalSection
EndGlobal
