
Microsoft Visual Studio Solution File, Format Version 12.00
# Visual Studio Version 16
VisualStudioVersion = 16.0.30611.23
MinimumVisualStudioVersion = 10.0.40219.1
Project("{FAE04EC0-301F-11D3-BF4B-00C04F79EFBC}") = "L07_HomeWork_1", "L07_HomeWork_1\L07_HomeWork_1.csproj", "{BAFFB1F4-5C6C-418F-AEBD-36651B676BBD}"
EndProject
Global
	GlobalSection(SolutionConfigurationPlatforms) = preSolution
		Debug|Any CPU = Debug|Any CPU
		Release|Any CPU = Release|Any CPU
	EndGlobalSection
	GlobalSection(ProjectConfigurationPlatforms) = postSolution
		{BAFFB1F4-5C6C-418F-AEBD-36651B676BBD}.Debug|Any CPU.ActiveCfg = Debug|Any CPU
		{BAFFB1F4-5C6C-418F-AEBD-36651B676BBD}.Debug|Any CPU.Build.0 = Debug|Any CPU
		{BAFFB1F4-5C6C-418F-AEBD-36651B676BBD}.Release|Any CPU.ActiveCfg = Release|Any CPU
		{BAFFB1F4-5C6C-418F-AEBD-36651B676BBD}.Release|Any CPU.Build.0 = Release|Any CPU
	EndGlobalSection
	GlobalSection(SolutionProperties) = preSolution
		HideSolutionNode = FALSE
	EndGlobalSection
	GlobalSection(ExtensibilityGlobals) = postSolution
		SolutionGuid = {CF6C1846-6886-4217-B706-F70A42882062}
	EndGlobalSection
EndGlobal
