
Microsoft Visual Studio Solution File, Format Version 12.00
# Visual Studio Version 16
VisualStudioVersion = 16.0.30621.155
MinimumVisualStudioVersion = 10.0.40219.1
Project("{FAE04EC0-301F-11D3-BF4B-00C04F79EFBC}") = "L15_HomeWork_1", "L15_HomeWork_1\L15_HomeWork_1.csproj", "{B1BC7F2C-B8A4-4088-ABDF-5E101DA046F1}"
EndProject
Global
	GlobalSection(SolutionConfigurationPlatforms) = preSolution
		Debug|Any CPU = Debug|Any CPU
		Release|Any CPU = Release|Any CPU
	EndGlobalSection
	GlobalSection(ProjectConfigurationPlatforms) = postSolution
		{B1BC7F2C-B8A4-4088-ABDF-5E101DA046F1}.Debug|Any CPU.ActiveCfg = Debug|Any CPU
		{B1BC7F2C-B8A4-4088-ABDF-5E101DA046F1}.Debug|Any CPU.Build.0 = Debug|Any CPU
		{B1BC7F2C-B8A4-4088-ABDF-5E101DA046F1}.Release|Any CPU.ActiveCfg = Release|Any CPU
		{B1BC7F2C-B8A4-4088-ABDF-5E101DA046F1}.Release|Any CPU.Build.0 = Release|Any CPU
	EndGlobalSection
	GlobalSection(SolutionProperties) = preSolution
		HideSolutionNode = FALSE
	EndGlobalSection
	GlobalSection(ExtensibilityGlobals) = postSolution
		SolutionGuid = {79D26703-2EF8-4A24-9801-65CD023AEAF6}
	EndGlobalSection
EndGlobal
