
Microsoft Visual Studio Solution File, Format Version 12.00
# Visual Studio Version 16
VisualStudioVersion = 16.0.30523.141
MinimumVisualStudioVersion = 10.0.40219.1
Project("{FAE04EC0-301F-11D3-BF4B-00C04F79EFBC}") = "L05_HomeWork_1", "L05_HomeWork_1\L05_HomeWork_1.csproj", "{0949F34C-B49D-46F2-B708-EF3261148D65}"
EndProject
Global
	GlobalSection(SolutionConfigurationPlatforms) = preSolution
		Debug|Any CPU = Debug|Any CPU
		Release|Any CPU = Release|Any CPU
	EndGlobalSection
	GlobalSection(ProjectConfigurationPlatforms) = postSolution
		{0949F34C-B49D-46F2-B708-EF3261148D65}.Debug|Any CPU.ActiveCfg = Debug|Any CPU
		{0949F34C-B49D-46F2-B708-EF3261148D65}.Debug|Any CPU.Build.0 = Debug|Any CPU
		{0949F34C-B49D-46F2-B708-EF3261148D65}.Release|Any CPU.ActiveCfg = Release|Any CPU
		{0949F34C-B49D-46F2-B708-EF3261148D65}.Release|Any CPU.Build.0 = Release|Any CPU
	EndGlobalSection
	GlobalSection(SolutionProperties) = preSolution
		HideSolutionNode = FALSE
	EndGlobalSection
	GlobalSection(ExtensibilityGlobals) = postSolution
		SolutionGuid = {F8FAC294-DA41-41C5-B08F-09A21E635DD2}
	EndGlobalSection
EndGlobal
