
Microsoft Visual Studio Solution File, Format Version 12.00
# Visual Studio Version 16
VisualStudioVersion = 16.0.30523.141
MinimumVisualStudioVersion = 10.0.40219.1
Project("{FAE04EC0-301F-11D3-BF4B-00C04F79EFBC}") = "L02_HomeWork_1", "L02_HomeWork_1\L02_HomeWork_1.csproj", "{C17C1A9D-2B8F-48D3-A8CE-9FAD1B2CD5BB}"
EndProject
Global
	GlobalSection(SolutionConfigurationPlatforms) = preSolution
		Debug|Any CPU = Debug|Any CPU
		Release|Any CPU = Release|Any CPU
	EndGlobalSection
	GlobalSection(ProjectConfigurationPlatforms) = postSolution
		{C17C1A9D-2B8F-48D3-A8CE-9FAD1B2CD5BB}.Debug|Any CPU.ActiveCfg = Debug|Any CPU
		{C17C1A9D-2B8F-48D3-A8CE-9FAD1B2CD5BB}.Debug|Any CPU.Build.0 = Debug|Any CPU
		{C17C1A9D-2B8F-48D3-A8CE-9FAD1B2CD5BB}.Release|Any CPU.ActiveCfg = Release|Any CPU
		{C17C1A9D-2B8F-48D3-A8CE-9FAD1B2CD5BB}.Release|Any CPU.Build.0 = Release|Any CPU
	EndGlobalSection
	GlobalSection(SolutionProperties) = preSolution
		HideSolutionNode = FALSE
	EndGlobalSection
	GlobalSection(ExtensibilityGlobals) = postSolution
		SolutionGuid = {4A2CC9C5-7766-4532-B7DE-6AA8DD18A91A}
	EndGlobalSection
EndGlobal
