
Microsoft Visual Studio Solution File, Format Version 12.00
# Visual Studio Version 16
VisualStudioVersion = 16.0.30621.155
MinimumVisualStudioVersion = 10.0.40219.1
Project("{FAE04EC0-301F-11D3-BF4B-00C04F79EFBC}") = "L14_ClassWork_PW1", "L14_ClassWork_PW1\L14_ClassWork_PW1.csproj", "{22E7E76A-9D31-4071-9AAB-3AC6A885BCF6}"
EndProject
Global
	GlobalSection(SolutionConfigurationPlatforms) = preSolution
		Debug|Any CPU = Debug|Any CPU
		Release|Any CPU = Release|Any CPU
	EndGlobalSection
	GlobalSection(ProjectConfigurationPlatforms) = postSolution
		{22E7E76A-9D31-4071-9AAB-3AC6A885BCF6}.Debug|Any CPU.ActiveCfg = Debug|Any CPU
		{22E7E76A-9D31-4071-9AAB-3AC6A885BCF6}.Debug|Any CPU.Build.0 = Debug|Any CPU
		{22E7E76A-9D31-4071-9AAB-3AC6A885BCF6}.Release|Any CPU.ActiveCfg = Release|Any CPU
		{22E7E76A-9D31-4071-9AAB-3AC6A885BCF6}.Release|Any CPU.Build.0 = Release|Any CPU
	EndGlobalSection
	GlobalSection(SolutionProperties) = preSolution
		HideSolutionNode = FALSE
	EndGlobalSection
	GlobalSection(ExtensibilityGlobals) = postSolution
		SolutionGuid = {2EA762CC-8F90-409A-8EC9-4956571B89E0}
	EndGlobalSection
EndGlobal
