
Microsoft Visual Studio Solution File, Format Version 12.00
# Visual Studio Version 16
VisualStudioVersion = 16.0.30621.155
MinimumVisualStudioVersion = 10.0.40219.1
Project("{FAE04EC0-301F-11D3-BF4B-00C04F79EFBC}") = "L14_HomeWork", "L14_HomeWork\L14_HomeWork.csproj", "{77D15923-A379-40CC-9F5B-0F5D2E74F5A0}"
EndProject
Global
	GlobalSection(SolutionConfigurationPlatforms) = preSolution
		Debug|Any CPU = Debug|Any CPU
		Release|Any CPU = Release|Any CPU
	EndGlobalSection
	GlobalSection(ProjectConfigurationPlatforms) = postSolution
		{77D15923-A379-40CC-9F5B-0F5D2E74F5A0}.Debug|Any CPU.ActiveCfg = Debug|Any CPU
		{77D15923-A379-40CC-9F5B-0F5D2E74F5A0}.Debug|Any CPU.Build.0 = Debug|Any CPU
		{77D15923-A379-40CC-9F5B-0F5D2E74F5A0}.Release|Any CPU.ActiveCfg = Release|Any CPU
		{77D15923-A379-40CC-9F5B-0F5D2E74F5A0}.Release|Any CPU.Build.0 = Release|Any CPU
	EndGlobalSection
	GlobalSection(SolutionProperties) = preSolution
		HideSolutionNode = FALSE
	EndGlobalSection
	GlobalSection(ExtensibilityGlobals) = postSolution
		SolutionGuid = {17E4C33E-B752-47D2-8C8C-91A387757851}
	EndGlobalSection
EndGlobal
