
Microsoft Visual Studio Solution File, Format Version 12.00
# Visual Studio Version 16
VisualStudioVersion = 16.0.30621.155
MinimumVisualStudioVersion = 10.0.40219.1
Project("{FAE04EC0-301F-11D3-BF4B-00C04F79EFBC}") = "L13_HomeWork_1", "L13_HomeWork_1\L13_HomeWork_1.csproj", "{EC726F21-ACEF-49A2-8338-7FF567A020A2}"
EndProject
Global
	GlobalSection(SolutionConfigurationPlatforms) = preSolution
		Debug|Any CPU = Debug|Any CPU
		Release|Any CPU = Release|Any CPU
	EndGlobalSection
	GlobalSection(ProjectConfigurationPlatforms) = postSolution
		{EC726F21-ACEF-49A2-8338-7FF567A020A2}.Debug|Any CPU.ActiveCfg = Debug|Any CPU
		{EC726F21-ACEF-49A2-8338-7FF567A020A2}.Debug|Any CPU.Build.0 = Debug|Any CPU
		{EC726F21-ACEF-49A2-8338-7FF567A020A2}.Release|Any CPU.ActiveCfg = Release|Any CPU
		{EC726F21-ACEF-49A2-8338-7FF567A020A2}.Release|Any CPU.Build.0 = Release|Any CPU
	EndGlobalSection
	GlobalSection(SolutionProperties) = preSolution
		HideSolutionNode = FALSE
	EndGlobalSection
	GlobalSection(ExtensibilityGlobals) = postSolution
		SolutionGuid = {7037757D-1AD9-4935-A4E7-3CF72900E5A6}
	EndGlobalSection
EndGlobal
